// !$*UTF8*$!
{
	archiveVersion = 1;
	classes = {
	};
	objectVersion = 50;
	objects = {

/* Begin PBXBuildFile section */
		D21BEF3326E02297005E3B83 /* WoomanView.swift in Sources */ = {isa = PBXBuildFile; fileRef = D21BEF3226E02297005E3B83 /* WoomanView.swift */; };
		D2A24CFD26E55FDB0044025F /* CardView.swift in Sources */ = {isa = PBXBuildFile; fileRef = D2A24CFC26E55FDB0044025F /* CardView.swift */; };
		D2AC368A26E2A85100D7B20B /* RussinanNameM.swift in Sources */ = {isa = PBXBuildFile; fileRef = D2AC368926E2A85100D7B20B /* RussinanNameM.swift */; };
		D2AC368D26E2A87B00D7B20B /* EuropeanNameM.swift in Sources */ = {isa = PBXBuildFile; fileRef = D2AC368C26E2A87B00D7B20B /* EuropeanNameM.swift */; };
		D2AC369026E2A89700D7B20B /* USANameM.swift in Sources */ = {isa = PBXBuildFile; fileRef = D2AC368F26E2A89700D7B20B /* USANameM.swift */; };
		D2AC369326E2A8B800D7B20B /* MuslimNameM.swift in Sources */ = {isa = PBXBuildFile; fileRef = D2AC369226E2A8B800D7B20B /* MuslimNameM.swift */; };
		D2AC369726E2A9A300D7B20B /* RussinanNameW.swift in Sources */ = {isa = PBXBuildFile; fileRef = D2AC369626E2A9A300D7B20B /* RussinanNameW.swift */; };
		D2AC369A26E2A9AD00D7B20B /* EuropeanNameW.swift in Sources */ = {isa = PBXBuildFile; fileRef = D2AC369926E2A9AD00D7B20B /* EuropeanNameW.swift */; };
		D2AC369D26E2A9B600D7B20B /* USANameW.swift in Sources */ = {isa = PBXBuildFile; fileRef = D2AC369C26E2A9B600D7B20B /* USANameW.swift */; };
		D2AC36A026E2A9C100D7B20B /* MuslimNameW.swift in Sources */ = {isa = PBXBuildFile; fileRef = D2AC369F26E2A9C100D7B20B /* MuslimNameW.swift */; };
		D2AF8C0226DEC2CD002D44A1 /* changeChildNameApp.swift in Sources */ = {isa = PBXBuildFile; fileRef = D2AF8C0126DEC2CD002D44A1 /* changeChildNameApp.swift */; };
		D2AF8C0426DEC2CD002D44A1 /* ContentView.swift in Sources */ = {isa = PBXBuildFile; fileRef = D2AF8C0326DEC2CD002D44A1 /* ContentView.swift */; };
		D2AF8C0626DEC2CE002D44A1 /* Assets.xcassets in Resources */ = {isa = PBXBuildFile; fileRef = D2AF8C0526DEC2CE002D44A1 /* Assets.xcassets */; };
		D2AF8C0926DEC2CE002D44A1 /* Preview Assets.xcassets in Resources */ = {isa = PBXBuildFile; fileRef = D2AF8C0826DEC2CE002D44A1 /* Preview Assets.xcassets */; };
		D2AF8C1726DECEA7002D44A1 /* ManView.swift in Sources */ = {isa = PBXBuildFile; fileRef = D2AF8C1626DECEA7002D44A1 /* ManView.swift */; };
/* End PBXBuildFile section */

/* Begin PBXFileReference section */
		D21BEF3226E02297005E3B83 /* WoomanView.swift */ = {isa = PBXFileReference; lastKnownFileType = sourcecode.swift; path = WoomanView.swift; sourceTree = "<group>"; };
		D2A24CFC26E55FDB0044025F /* CardView.swift */ = {isa = PBXFileReference; lastKnownFileType = sourcecode.swift; path = CardView.swift; sourceTree = "<group>"; };
		D2AC368926E2A85100D7B20B /* RussinanNameM.swift */ = {isa = PBXFileReference; lastKnownFileType = sourcecode.swift; path = RussinanNameM.swift; sourceTree = "<group>"; };
		D2AC368C26E2A87B00D7B20B /* EuropeanNameM.swift */ = {isa = PBXFileReference; lastKnownFileType = sourcecode.swift; path = EuropeanNameM.swift; sourceTree = "<group>"; };
		D2AC368F26E2A89700D7B20B /* USANameM.swift */ = {isa = PBXFileReference; lastKnownFileType = sourcecode.swift; path = USANameM.swift; sourceTree = "<group>"; };
		D2AC369226E2A8B800D7B20B /* MuslimNameM.swift */ = {isa = PBXFileReference; lastKnownFileType = sourcecode.swift; path = MuslimNameM.swift; sourceTree = "<group>"; };
		D2AC369626E2A9A300D7B20B /* RussinanNameW.swift */ = {isa = PBXFileReference; lastKnownFileType = sourcecode.swift; path = RussinanNameW.swift; sourceTree = "<group>"; };
		D2AC369926E2A9AD00D7B20B /* EuropeanNameW.swift */ = {isa = PBXFileReference; lastKnownFileType = sourcecode.swift; path = EuropeanNameW.swift; sourceTree = "<group>"; };
		D2AC369C26E2A9B600D7B20B /* USANameW.swift */ = {isa = PBXFileReference; lastKnownFileType = sourcecode.swift; path = USANameW.swift; sourceTree = "<group>"; };
		D2AC369F26E2A9C100D7B20B /* MuslimNameW.swift */ = {isa = PBXFileReference; lastKnownFileType = sourcecode.swift; path = MuslimNameW.swift; sourceTree = "<group>"; };
		D2AF8BFE26DEC2CD002D44A1 /* changeChildName.app */ = {isa = PBXFileReference; explicitFileType = wrapper.application; includeInIndex = 0; path = changeChildName.app; sourceTree = BUILT_PRODUCTS_DIR; };
		D2AF8C0126DEC2CD002D44A1 /* changeChildNameApp.swift */ = {isa = PBXFileReference; lastKnownFileType = sourcecode.swift; path = changeChildNameApp.swift; sourceTree = "<group>"; };
		D2AF8C0326DEC2CD002D44A1 /* ContentView.swift */ = {isa = PBXFileReference; lastKnownFileType = sourcecode.swift; path = ContentView.swift; sourceTree = "<group>"; };
		D2AF8C0526DEC2CE002D44A1 /* Assets.xcassets */ = {isa = PBXFileReference; lastKnownFileType = folder.assetcatalog; path = Assets.xcassets; sourceTree = "<group>"; };
		D2AF8C0826DEC2CE002D44A1 /* Preview Assets.xcassets */ = {isa = PBXFileReference; lastKnownFileType = folder.assetcatalog; path = "Preview Assets.xcassets"; sourceTree = "<group>"; };
		D2AF8C0A26DEC2CE002D44A1 /* Info.plist */ = {isa = PBXFileReference; lastKnownFileType = text.plist.xml; path = Info.plist; sourceTree = "<group>"; };
		D2AF8C1626DECEA7002D44A1 /* ManView.swift */ = {isa = PBXFileReference; lastKnownFileType = sourcecode.swift; path = ManView.swift; sourceTree = "<group>"; };
/* End PBXFileReference section */

/* Begin PBXFrameworksBuildPhase section */
		D2AF8BFB26DEC2CC002D44A1 /* Frameworks */ = {
			isa = PBXFrameworksBuildPhase;
			buildActionMask = 2147483647;
			files = (
			);
			runOnlyForDeploymentPostprocessing = 0;
		};
/* End PBXFrameworksBuildPhase section */

/* Begin PBXGroup section */
		D2A24CF626E55E950044025F /* Russian */ = {
			isa = PBXGroup;
			children = (
				D2AC368926E2A85100D7B20B /* RussinanNameM.swift */,
			);
			path = Russian;
			sourceTree = "<group>";
		};
		D2A24CF826E55EA80044025F /* European */ = {
			isa = PBXGroup;
			children = (
				D2AC368C26E2A87B00D7B20B /* EuropeanNameM.swift */,
			);
			path = European;
			sourceTree = "<group>";
		};
		D2A24CFA26E55EB70044025F /* USA */ = {
			isa = PBXGroup;
			children = (
				D2AC368F26E2A89700D7B20B /* USANameM.swift */,
			);
			path = USA;
			sourceTree = "<group>";
		};
		D2A24CFB26E55EDC0044025F /* Muslim */ = {
			isa = PBXGroup;
			children = (
				D2AC369226E2A8B800D7B20B /* MuslimNameM.swift */,
			);
			path = Muslim;
			sourceTree = "<group>";
		};
		D2AC368726E1660C00D7B20B /* ManNameCategorySelectionMan */ = {
			isa = PBXGroup;
			children = (
				D2A24CFC26E55FDB0044025F /* CardView.swift */,
				D2A24CF626E55E950044025F /* Russian */,
				D2A24CF826E55EA80044025F /* European */,
				D2A24CFA26E55EB70044025F /* USA */,
				D2A24CFB26E55EDC0044025F /* Muslim */,
			);
			path = ManNameCategorySelectionMan;
			sourceTree = "<group>";
		};
		D2AC369526E2A96C00D7B20B /* WoomanNameCategorySelectionWooman */ = {
			isa = PBXGroup;
			children = (
				D2AC369626E2A9A300D7B20B /* RussinanNameW.swift */,
				D2AC369926E2A9AD00D7B20B /* EuropeanNameW.swift */,
				D2AC369C26E2A9B600D7B20B /* USANameW.swift */,
				D2AC369F26E2A9C100D7B20B /* MuslimNameW.swift */,
			);
			path = WoomanNameCategorySelectionWooman;
			sourceTree = "<group>";
		};
		D2AF8BF526DEC2CC002D44A1 = {
			isa = PBXGroup;
			children = (
				D2AF8C0026DEC2CD002D44A1 /* changeChildName */,
				D2AF8BFF26DEC2CD002D44A1 /* Products */,
			);
			sourceTree = "<group>";
		};
		D2AF8BFF26DEC2CD002D44A1 /* Products */ = {
			isa = PBXGroup;
			children = (
				D2AF8BFE26DEC2CD002D44A1 /* changeChildName.app */,
			);
			name = Products;
			sourceTree = "<group>";
		};
		D2AF8C0026DEC2CD002D44A1 /* changeChildName */ = {
			isa = PBXGroup;
			children = (
				D2AF8C0126DEC2CD002D44A1 /* changeChildNameApp.swift */,
				D2AF8C0326DEC2CD002D44A1 /* ContentView.swift */,
				D2AF8C1526DECE8D002D44A1 /* ViewChangeCategoryName */,
				D2AF8C1126DEC421002D44A1 /* FuncFirstView */,
				D2AF8C0526DEC2CE002D44A1 /* Assets.xcassets */,
				D2AF8C0A26DEC2CE002D44A1 /* Info.plist */,
				D2AF8C0726DEC2CE002D44A1 /* Preview Content */,
			);
			path = changeChildName;
			sourceTree = "<group>";
		};
		D2AF8C0726DEC2CE002D44A1 /* Preview Content */ = {
			isa = PBXGroup;
			children = (
				D2AF8C0826DEC2CE002D44A1 /* Preview Assets.xcassets */,
			);
			path = "Preview Content";
			sourceTree = "<group>";
		};
		D2AF8C1126DEC421002D44A1 /* FuncFirstView */ = {
			isa = PBXGroup;
			children = (
			);
			path = FuncFirstView;
			sourceTree = "<group>";
		};
		D2AF8C1526DECE8D002D44A1 /* ViewChangeCategoryName */ = {
			isa = PBXGroup;
			children = (
				D2AF8C1626DECEA7002D44A1 /* ManView.swift */,
				D2AC368726E1660C00D7B20B /* ManNameCategorySelectionMan */,
				D21BEF3226E02297005E3B83 /* WoomanView.swift */,
				D2AC369526E2A96C00D7B20B /* WoomanNameCategorySelectionWooman */,
			);
			path = ViewChangeCategoryName;
			sourceTree = "<group>";
		};
/* End PBXGroup section */

/* Begin PBXNativeTarget section */
		D2AF8BFD26DEC2CC002D44A1 /* changeChildName */ = {
			isa = PBXNativeTarget;
			buildConfigurationList = D2AF8C0D26DEC2CE002D44A1 /* Build configuration list for PBXNativeTarget "changeChildName" */;
			buildPhases = (
				D2AF8BFA26DEC2CC002D44A1 /* Sources */,
				D2AF8BFB26DEC2CC002D44A1 /* Frameworks */,
				D2AF8BFC26DEC2CC002D44A1 /* Resources */,
			);
			buildRules = (
			);
			dependencies = (
			);
			name = changeChildName;
			productName = changeChildName;
			productReference = D2AF8BFE26DEC2CD002D44A1 /* changeChildName.app */;
			productType = "com.apple.product-type.application";
		};
/* End PBXNativeTarget section */

/* Begin PBXProject section */
		D2AF8BF626DEC2CC002D44A1 /* Project object */ = {
			isa = PBXProject;
			attributes = {
				LastSwiftUpdateCheck = 1230;
				LastUpgradeCheck = 1230;
				TargetAttributes = {
					D2AF8BFD26DEC2CC002D44A1 = {
						CreatedOnToolsVersion = 12.3;
					};
				};
			};
			buildConfigurationList = D2AF8BF926DEC2CC002D44A1 /* Build configuration list for PBXProject "changeChildName" */;
			compatibilityVersion = "Xcode 9.3";
			developmentRegion = en;
			hasScannedForEncodings = 0;
			knownRegions = (
				en,
				Base,
			);
			mainGroup = D2AF8BF526DEC2CC002D44A1;
			productRefGroup = D2AF8BFF26DEC2CD002D44A1 /* Products */;
			projectDirPath = "";
			projectRoot = "";
			targets = (
				D2AF8BFD26DEC2CC002D44A1 /* changeChildName */,
			);
		};
/* End PBXProject section */

/* Begin PBXResourcesBuildPhase section */
		D2AF8BFC26DEC2CC002D44A1 /* Resources */ = {
			isa = PBXResourcesBuildPhase;
			buildActionMask = 2147483647;
			files = (
				D2AF8C0926DEC2CE002D44A1 /* Preview Assets.xcassets in Resources */,
				D2AF8C0626DEC2CE002D44A1 /* Assets.xcassets in Resources */,
			);
			runOnlyForDeploymentPostprocessing = 0;
		};
/* End PBXResourcesBuildPhase section */

/* Begin PBXSourcesBuildPhase section */
		D2AF8BFA26DEC2CC002D44A1 /* Sources */ = {
			isa = PBXSourcesBuildPhase;
			buildActionMask = 2147483647;
			files = (
				D2AC369D26E2A9B600D7B20B /* USANameW.swift in Sources */,
				D2AC368A26E2A85100D7B20B /* RussinanNameM.swift in Sources */,
				D2AC369A26E2A9AD00D7B20B /* EuropeanNameW.swift in Sources */,
				D2AC36A026E2A9C100D7B20B /* MuslimNameW.swift in Sources */,
				D2AC369326E2A8B800D7B20B /* MuslimNameM.swift in Sources */,
				D2AC368D26E2A87B00D7B20B /* EuropeanNameM.swift in Sources */,
				D2AC369026E2A89700D7B20B /* USANameM.swift in Sources */,
				D2AF8C0426DEC2CD002D44A1 /* ContentView.swift in Sources */,
				D2AF8C1726DECEA7002D44A1 /* ManView.swift in Sources */,
				D2A24CFD26E55FDB0044025F /* CardView.swift in Sources */,
				D2AF8C0226DEC2CD002D44A1 /* changeChildNameApp.swift in Sources */,
				D21BEF3326E02297005E3B83 /* WoomanView.swift in Sources */,
				D2AC369726E2A9A300D7B20B /* RussinanNameW.swift in Sources */,
			);
			runOnlyForDeploymentPostprocessing = 0;
		};
/* End PBXSourcesBuildPhase section */

/* Begin XCBuildConfiguration section */
		D2AF8C0B26DEC2CE002D44A1 /* Debug */ = {
			isa = XCBuildConfiguration;
			buildSettings = {
				ALWAYS_SEARCH_USER_PATHS = NO;
				CLANG_ANALYZER_NONNULL = YES;
				CLANG_ANALYZER_NUMBER_OBJECT_CONVERSION = YES_AGGRESSIVE;
				CLANG_CXX_LANGUAGE_STANDARD = "gnu++14";
				CLANG_CXX_LIBRARY = "libc++";
				CLANG_ENABLE_MODULES = YES;
				CLANG_ENABLE_OBJC_ARC = YES;
				CLANG_ENABLE_OBJC_WEAK = YES;
				CLANG_WARN_BLOCK_CAPTURE_AUTORELEASING = YES;
				CLANG_WARN_BOOL_CONVERSION = YES;
				CLANG_WARN_COMMA = YES;
				CLANG_WARN_CONSTANT_CONVERSION = YES;
				CLANG_WARN_DEPRECATED_OBJC_IMPLEMENTATIONS = YES;
				CLANG_WARN_DIRECT_OBJC_ISA_USAGE = YES_ERROR;
				CLANG_WARN_DOCUMENTATION_COMMENTS = YES;
				CLANG_WARN_EMPTY_BODY = YES;
				CLANG_WARN_ENUM_CONVERSION = YES;
				CLANG_WARN_INFINITE_RECURSION = YES;
				CLANG_WARN_INT_CONVERSION = YES;
				CLANG_WARN_NON_LITERAL_NULL_CONVERSION = YES;
				CLANG_WARN_OBJC_IMPLICIT_RETAIN_SELF = YES;
				CLANG_WARN_OBJC_LITERAL_CONVERSION = YES;
				CLANG_WARN_OBJC_ROOT_CLASS = YES_ERROR;
				CLANG_WARN_QUOTED_INCLUDE_IN_FRAMEWORK_HEADER = YES;
				CLANG_WARN_RANGE_LOOP_ANALYSIS = YES;
				CLANG_WARN_STRICT_PROTOTYPES = YES;
				CLANG_WARN_SUSPICIOUS_MOVE = YES;
				CLANG_WARN_UNGUARDED_AVAILABILITY = YES_AGGRESSIVE;
				CLANG_WARN_UNREACHABLE_CODE = YES;
				CLANG_WARN__DUPLICATE_METHOD_MATCH = YES;
				COPY_PHASE_STRIP = NO;
				DEBUG_INFORMATION_FORMAT = dwarf;
				ENABLE_STRICT_OBJC_MSGSEND = YES;
				ENABLE_TESTABILITY = YES;
				GCC_C_LANGUAGE_STANDARD = gnu11;
				GCC_DYNAMIC_NO_PIC = NO;
				GCC_NO_COMMON_BLOCKS = YES;
				GCC_OPTIMIZATION_LEVEL = 0;
				GCC_PREPROCESSOR_DEFINITIONS = (
					"DEBUG=1",
					"$(inherited)",
				);
				GCC_WARN_64_TO_32_BIT_CONVERSION = YES;
				GCC_WARN_ABOUT_RETURN_TYPE = YES_ERROR;
				GCC_WARN_UNDECLARED_SELECTOR = YES;
				GCC_WARN_UNINITIALIZED_AUTOS = YES_AGGRESSIVE;
				GCC_WARN_UNUSED_FUNCTION = YES;
				GCC_WARN_UNUSED_VARIABLE = YES;
				IPHONEOS_DEPLOYMENT_TARGET = 14.3;
				MTL_ENABLE_DEBUG_INFO = INCLUDE_SOURCE;
				MTL_FAST_MATH = YES;
				ONLY_ACTIVE_ARCH = YES;
				SDKROOT = iphoneos;
				SWIFT_ACTIVE_COMPILATION_CONDITIONS = DEBUG;
				SWIFT_OPTIMIZATION_LEVEL = "-Onone";
			};
			name = Debug;
		};
		D2AF8C0C26DEC2CE002D44A1 /* Release */ = {
			isa = XCBuildConfiguration;
			buildSettings = {
				ALWAYS_SEARCH_USER_PATHS = NO;
				CLANG_ANALYZER_NONNULL = YES;
				CLANG_ANALYZER_NUMBER_OBJECT_CONVERSION = YES_AGGRESSIVE;
				CLANG_CXX_LANGUAGE_STANDARD = "gnu++14";
				CLANG_CXX_LIBRARY = "libc++";
				CLANG_ENABLE_MODULES = YES;
				CLANG_ENABLE_OBJC_ARC = YES;
				CLANG_ENABLE_OBJC_WEAK = YES;
				CLANG_WARN_BLOCK_CAPTURE_AUTORELEASING = YES;
				CLANG_WARN_BOOL_CONVERSION = YES;
				CLANG_WARN_COMMA = YES;
				CLANG_WARN_CONSTANT_CONVERSION = YES;
				CLANG_WARN_DEPRECATED_OBJC_IMPLEMENTATIONS = YES;
				CLANG_WARN_DIRECT_OBJC_ISA_USAGE = YES_ERROR;
				CLANG_WARN_DOCUMENTATION_COMMENTS = YES;
				CLANG_WARN_EMPTY_BODY = YES;
				CLANG_WARN_ENUM_CONVERSION = YES;
				CLANG_WARN_INFINITE_RECURSION = YES;
				CLANG_WARN_INT_CONVERSION = YES;
				CLANG_WARN_NON_LITERAL_NULL_CONVERSION = YES;
				CLANG_WARN_OBJC_IMPLICIT_RETAIN_SELF = YES;
				CLANG_WARN_OBJC_LITERAL_CONVERSION = YES;
				CLANG_WARN_OBJC_ROOT_CLASS = YES_ERROR;
				CLANG_WARN_QUOTED_INCLUDE_IN_FRAMEWORK_HEADER = YES;
				CLANG_WARN_RANGE_LOOP_ANALYSIS = YES;
				CLANG_WARN_STRICT_PROTOTYPES = YES;
				CLANG_WARN_SUSPICIOUS_MOVE = YES;
				CLANG_WARN_UNGUARDED_AVAILABILITY = YES_AGGRESSIVE;
				CLANG_WARN_UNREACHABLE_CODE = YES;
				CLANG_WARN__DUPLICATE_METHOD_MATCH = YES;
				COPY_PHASE_STRIP = NO;
				DEBUG_INFORMATION_FORMAT = "dwarf-with-dsym";
				ENABLE_NS_ASSERTIONS = NO;
				ENABLE_STRICT_OBJC_MSGSEND = YES;
				GCC_C_LANGUAGE_STANDARD = gnu11;
				GCC_NO_COMMON_BLOCKS = YES;
				GCC_WARN_64_TO_32_BIT_CONVERSION = YES;
				GCC_WARN_ABOUT_RETURN_TYPE = YES_ERROR;
				GCC_WARN_UNDECLARED_SELECTOR = YES;
				GCC_WARN_UNINITIALIZED_AUTOS = YES_AGGRESSIVE;
				GCC_WARN_UNUSED_FUNCTION = YES;
				GCC_WARN_UNUSED_VARIABLE = YES;
				IPHONEOS_DEPLOYMENT_TARGET = 14.3;
				MTL_ENABLE_DEBUG_INFO = NO;
				MTL_FAST_MATH = YES;
				SDKROOT = iphoneos;
				SWIFT_COMPILATION_MODE = wholemodule;
				SWIFT_OPTIMIZATION_LEVEL = "-O";
				VALIDATE_PRODUCT = YES;
			};
			name = Release;
		};
		D2AF8C0E26DEC2CE002D44A1 /* Debug */ = {
			isa = XCBuildConfiguration;
			buildSettings = {
				ASSETCATALOG_COMPILER_APPICON_NAME = AppIcon;
				ASSETCATALOG_COMPILER_GLOBAL_ACCENT_COLOR_NAME = AccentColor;
				CODE_SIGN_STYLE = Automatic;
				DEVELOPMENT_ASSET_PATHS = "\"changeChildName/Preview Content\"";
				DEVELOPMENT_TEAM = UJ8B9FFXUA;
				ENABLE_PREVIEWS = YES;
				INFOPLIST_FILE = changeChildName/Info.plist;
				IPHONEOS_DEPLOYMENT_TARGET = 14.0;
				LD_RUNPATH_SEARCH_PATHS = (
					"$(inherited)",
					"@executable_path/Frameworks",
				);
				PRODUCT_BUNDLE_IDENTIFIER = KiKoTeam.changeChildName;
				PRODUCT_NAME = "$(TARGET_NAME)";
				SWIFT_VERSION = 5.0;
				TARGETED_DEVICE_FAMILY = 1;
			};
			name = Debug;
		};
		D2AF8C0F26DEC2CE002D44A1 /* Release */ = {
			isa = XCBuildConfiguration;
			buildSettings = {
				ASSETCATALOG_COMPILER_APPICON_NAME = AppIcon;
				ASSETCATALOG_COMPILER_GLOBAL_ACCENT_COLOR_NAME = AccentColor;
				CODE_SIGN_STYLE = Automatic;
				DEVELOPMENT_ASSET_PATHS = "\"changeChildName/Preview Content\"";
				DEVELOPMENT_TEAM = UJ8B9FFXUA;
				ENABLE_PREVIEWS = YES;
				INFOPLIST_FILE = changeChildName/Info.plist;
				IPHONEOS_DEPLOYMENT_TARGET = 14.0;
				LD_RUNPATH_SEARCH_PATHS = (
					"$(inherited)",
					"@executable_path/Frameworks",
				);
				PRODUCT_BUNDLE_IDENTIFIER = KiKoTeam.changeChildName;
				PRODUCT_NAME = "$(TARGET_NAME)";
				SWIFT_VERSION = 5.0;
				TARGETED_DEVICE_FAMILY = 1;
			};
			name = Release;
		};
/* End XCBuildConfiguration section */

/* Begin XCConfigurationList section */
		D2AF8BF926DEC2CC002D44A1 /* Build configuration list for PBXProject "changeChildName" */ = {
			isa = XCConfigurationList;
			buildConfigurations = (
				D2AF8C0B26DEC2CE002D44A1 /* Debug */,
				D2AF8C0C26DEC2CE002D44A1 /* Release */,
			);
			defaultConfigurationIsVisible = 0;
			defaultConfigurationName = Release;
		};
		D2AF8C0D26DEC2CE002D44A1 /* Build configuration list for PBXNativeTarget "changeChildName" */ = {
			isa = XCConfigurationList;
			buildConfigurations = (
				D2AF8C0E26DEC2CE002D44A1 /* Debug */,
				D2AF8C0F26DEC2CE002D44A1 /* Release */,
			);
			defaultConfigurationIsVisible = 0;
			defaultConfigurationName = Release;
		};
/* End XCConfigurationList section */
	};
	rootObject = D2AF8BF626DEC2CC002D44A1 /* Project object */;
}
